
Microsoft Visual Studio Solution File, Format Version 11.00
# Visual Basic Express 2010
Project("{F184B08F-C81C-45F6-A57F-5ABD9991F28F}") = "GamePlugin", "GamePlugin\GamePlugin.vbproj", "{111AFF88-CCF4-4359-BC0C-A55F4F0A4197}"
EndProject
Global
	GlobalSection(SolutionConfigurationPlatforms) = preSolution
		Debug|Any CPU = Debug|Any CPU
		Release|Any CPU = Release|Any CPU
	EndGlobalSection
	GlobalSection(ProjectConfigurationPlatforms) = postSolution
		{111AFF88-CCF4-4359-BC0C-A55F4F0A4197}.Debug|Any CPU.ActiveCfg = Debug|Any CPU
		{111AFF88-CCF4-4359-BC0C-A55F4F0A4197}.Debug|Any CPU.Build.0 = Debug|Any CPU
		{111AFF88-CCF4-4359-BC0C-A55F4F0A4197}.Release|Any CPU.ActiveCfg = Release|Any CPU
		{111AFF88-CCF4-4359-BC0C-A55F4F0A4197}.Release|Any CPU.Build.0 = Release|Any CPU
	EndGlobalSection
	GlobalSection(SolutionProperties) = preSolution
		HideSolutionNode = FALSE
	EndGlobalSection
EndGlobal
